
Microsoft Visual Studio Solution File, Format Version 12.00
# Visual Studio Version 17
VisualStudioVersion = 17.3.32929.385
MinimumVisualStudioVersion = 10.0.40219.1
Project("{FAE04EC0-301F-11D3-BF4B-00C04F79EFBC}") = "Fibonachi", "Fibonachi\Fibonachi.csproj", "{D2767410-B1EF-4032-9ED3-406EABD34C90}"
EndProject
Global
	GlobalSection(SolutionConfigurationPlatforms) = preSolution
		Debug|Any CPU = Debug|Any CPU
		Release|Any CPU = Release|Any CPU
	EndGlobalSection
	GlobalSection(ProjectConfigurationPlatforms) = postSolution
		{D2767410-B1EF-4032-9ED3-406EABD34C90}.Debug|Any CPU.ActiveCfg = Debug|Any CPU
		{D2767410-B1EF-4032-9ED3-406EABD34C90}.Debug|Any CPU.Build.0 = Debug|Any CPU
		{D2767410-B1EF-4032-9ED3-406EABD34C90}.Release|Any CPU.ActiveCfg = Release|Any CPU
		{D2767410-B1EF-4032-9ED3-406EABD34C90}.Release|Any CPU.Build.0 = Release|Any CPU
	EndGlobalSection
	GlobalSection(SolutionProperties) = preSolution
		HideSolutionNode = FALSE
	EndGlobalSection
	GlobalSection(ExtensibilityGlobals) = postSolution
		SolutionGuid = {D58CBA7C-84F6-45BA-8375-0DB98246C1FD}
	EndGlobalSection
EndGlobal
